
Microsoft Visual Studio Solution File, Format Version 11.00
# Visual Studio 2010
Project("{FAE04EC0-301F-11D3-BF4B-00C04F79EFBC}") = "Postal.Amazon", "Postal.Amazon\Postal.Amazon.csproj", "{ED564D14-3D09-4004-838C-79C96A042A20}"
EndProject
Project("{FAE04EC0-301F-11D3-BF4B-00C04F79EFBC}") = "Postal.Amazon.Tests", "Postal.Amazon.Tests\Postal.Amazon.Tests.csproj", "{3FBD0363-FA97-470B-B6A1-196EF2DB50A4}"
EndProject
Project("{2150E333-8FDC-42A3-9474-1A3956D46DE8}") = ".nuget", ".nuget", "{99DACA1F-A9AE-4972-9906-0D5A9801985D}"
	ProjectSection(SolutionItems) = preProject
		.nuget\NuGet.Config = .nuget\NuGet.Config
		.nuget\NuGet.exe = .nuget\NuGet.exe
		.nuget\NuGet.targets = .nuget\NuGet.targets
	EndProjectSection
EndProject
Global
	GlobalSection(SolutionConfigurationPlatforms) = preSolution
		Debug|Any CPU = Debug|Any CPU
		Release|Any CPU = Release|Any CPU
	EndGlobalSection
	GlobalSection(ProjectConfigurationPlatforms) = postSolution
		{ED564D14-3D09-4004-838C-79C96A042A20}.Debug|Any CPU.ActiveCfg = Debug|Any CPU
		{ED564D14-3D09-4004-838C-79C96A042A20}.Debug|Any CPU.Build.0 = Debug|Any CPU
		{ED564D14-3D09-4004-838C-79C96A042A20}.Release|Any CPU.ActiveCfg = Release|Any CPU
		{ED564D14-3D09-4004-838C-79C96A042A20}.Release|Any CPU.Build.0 = Release|Any CPU
		{3FBD0363-FA97-470B-B6A1-196EF2DB50A4}.Debug|Any CPU.ActiveCfg = Debug|Any CPU
		{3FBD0363-FA97-470B-B6A1-196EF2DB50A4}.Debug|Any CPU.Build.0 = Debug|Any CPU
		{3FBD0363-FA97-470B-B6A1-196EF2DB50A4}.Release|Any CPU.ActiveCfg = Release|Any CPU
		{3FBD0363-FA97-470B-B6A1-196EF2DB50A4}.Release|Any CPU.Build.0 = Release|Any CPU
	EndGlobalSection
	GlobalSection(SolutionProperties) = preSolution
		HideSolutionNode = FALSE
	EndGlobalSection
EndGlobal
